
Microsoft Visual Studio Solution File, Format Version 12.00
# Visual Studio Version 16
VisualStudioVersion = 16.0.30711.63
MinimumVisualStudioVersion = 10.0.40219.1
Project("{FAE04EC0-301F-11D3-BF4B-00C04F79EFBC}") = "Calculadora binario decimal", "Calculadora binario decimal\Calculadora binario decimal.csproj", "{E0678E91-15AA-4395-9FF8-576896FE50D3}"
EndProject
Global
	GlobalSection(SolutionConfigurationPlatforms) = preSolution
		Debug|Any CPU = Debug|Any CPU
		Release|Any CPU = Release|Any CPU
	EndGlobalSection
	GlobalSection(ProjectConfigurationPlatforms) = postSolution
		{E0678E91-15AA-4395-9FF8-576896FE50D3}.Debug|Any CPU.ActiveCfg = Debug|Any CPU
		{E0678E91-15AA-4395-9FF8-576896FE50D3}.Debug|Any CPU.Build.0 = Debug|Any CPU
		{E0678E91-15AA-4395-9FF8-576896FE50D3}.Release|Any CPU.ActiveCfg = Release|Any CPU
		{E0678E91-15AA-4395-9FF8-576896FE50D3}.Release|Any CPU.Build.0 = Release|Any CPU
	EndGlobalSection
	GlobalSection(SolutionProperties) = preSolution
		HideSolutionNode = FALSE
	EndGlobalSection
	GlobalSection(ExtensibilityGlobals) = postSolution
		SolutionGuid = {99E1514C-4D9A-4F50-A871-4F7D2766486F}
	EndGlobalSection
EndGlobal
